{
  "name": "hello",
  "version": "1.0.0",
  "lockfileVersion": 3,
  "requires": true,
  "packages": {
    "": {
      "name": "hello",
      "version": "1.0.0",
      "devDependencies": {
        "@endstone-js/server": "file:../../../../endstone-server-types"
      }
    },
    "../../../../endstone-server-types": {
      "name": "@endstone-js/server",
      "version": "0.11.0",
      "dev": true,
      "license": "Apache-2.0",
      "devDependencies": {
        "typescript": "^5.6.0"
      }
    },
    "node_modules/@endstone-js/server": {
      "resolved": "../../../../endstone-server-types",
      "link": true
    }
  }
}
