{
  "name": "hello",
  "version": "1.0.0",
  "lockfileVersion": 3,
  "requires": true,
  "packages": {
    "": {
      "name": "hello",
      "version": "1.0.0",
      "devDependencies": {
        "@endstone-js/server": "^0.11.0"
      }
    },
    "node_modules/@endstone-js/server": {
      "version": "0.11.0",
      "resolved": "https://registry.npmjs.org/@endstone-js/server/-/server-0.11.0.tgz",
      "integrity": "sha512-FBmGztP9cPBHpzsoRsc8O9aLOnTfDG3v5WGaxeUfJdCPl/dyBL4eN8sLzeJNEx7eW4IXAv2pA2HdkoIzKecqHQ==",
      "dev": true,
      "license": "Apache-2.0"
    }
  }
}
